PODS:
  - Charcoal (9.3.1):
    - Charcoal/Core (= 9.3.1)
  - Charcoal/Core (9.3.1):
    - FinniversKit
  - Charcoal/FINN (9.3.1):
    - Charcoal/Core
  - FinniversKit (84.0.0):
    - FinniversKit/DNA (= 84.0.0)
  - FinniversKit/DNA (84.0.0)
  - RxCocoa (6.2.0):
    - RxRelay (= 6.2.0)
    - RxSwift (= 6.2.0)
  - RxRelay (6.2.0):
    - RxSwift (= 6.2.0)
  - RxSwift (6.2.0)
  - SDWebImage (5.11.1):
    - SDWebImage/Core (= 5.11.1)
  - SDWebImage/Core (5.11.1)
  - Swinject (2.8.0)

DEPENDENCIES:
  - Charcoal (from `https://github.com/finn-no/charcoal-ios`)
  - Charcoal/FINN (from `https://github.com/finn-no/charcoal-ios`)
  - FinniversKit (from `https://github.com/finn-no/FinniversKit`)
  - RxCocoa (= 6.2.0)
  - RxSwift (= 6.2.0)
  - SDWebImage
  - Swinject

SPEC REPOS:
  trunk:
    - RxCocoa
    - RxRelay
    - RxSwift
    - SDWebImage
    - Swinject

EXTERNAL SOURCES:
  Charcoal:
    :git: https://github.com/finn-no/charcoal-ios
  FinniversKit:
    :git: https://github.com/finn-no/FinniversKit

CHECKOUT OPTIONS:
  Charcoal:
    :commit: 6db73a996618613d90e7221e1117e870d585124c
    :git: https://github.com/finn-no/charcoal-ios
  FinniversKit:
    :commit: 924853d273fcb78748e108edc5a29aca75dc3e4d
    :git: https://github.com/finn-no/FinniversKit

SPEC CHECKSUMS:
  Charcoal: 497fd4c08fb2935799f1cdcacc302d0f3c2d054a
  FinniversKit: 1f629c5c674edd20926a4620086c57f162c1cdb9
  RxCocoa: 4baf94bb35f2c0ab31bc0cb9f1900155f646ba42
  RxRelay: e72dbfd157807478401ef1982e1c61c945c94b2f
  RxSwift: d356ab7bee873611322f134c5f9ef379fa183d8f
  SDWebImage: a7f831e1a65eb5e285e3fb046a23fcfbf08e696d
  Swinject: db795b8d6d78559b25fbebb0170d2635be1176e2

PODFILE CHECKSUM: 646c4f19399e6cf60abd4afbe3965740430a5526

COCOAPODS: 1.10.2
