// !$*UTF8*$!
{
	archiveVersion = 1;
	classes = {
	};
	objectVersion = 51;
	objects = {

/* Begin PBXBuildFile section */
		520E21B026E0020A00A5EF70 /* ModelBuilder.swift in Sources */ = {isa = PBXBuildFile; fileRef = 520E21AF26E0020A00A5EF70 /* ModelBuilder.swift */; };
		520E21B426E005CE00A5EF70 /* MyProfileViewController.swift in Sources */ = {isa = PBXBuildFile; fileRef = 520E21B326E005CE00A5EF70 /* MyProfileViewController.swift */; };
		520E21B626E005D900A5EF70 /* MyProfilePresenter.swift in Sources */ = {isa = PBXBuildFile; fileRef = 520E21B526E005D900A5EF70 /* MyProfilePresenter.swift */; };
		520E21B826E005E300A5EF70 /* MyProfileRouter.swift in Sources */ = {isa = PBXBuildFile; fileRef = 520E21B726E005E300A5EF70 /* MyProfileRouter.swift */; };
		520E21BA26E005EE00A5EF70 /* MyProfileAssembly.swift in Sources */ = {isa = PBXBuildFile; fileRef = 520E21B926E005EE00A5EF70 /* MyProfileAssembly.swift */; };
		5219517E2722BEB000295424 /* LeakTest.swift in Sources */ = {isa = PBXBuildFile; fileRef = 5219517D2722BEB000295424 /* LeakTest.swift */; };
		521951962722E20A00295424 /* RegistrationPresenter.swift in Sources */ = {isa = PBXBuildFile; fileRef = 521951922722E20A00295424 /* RegistrationPresenter.swift */; };
		521951972722E20A00295424 /* RegistrationRouter.swift in Sources */ = {isa = PBXBuildFile; fileRef = 521951932722E20A00295424 /* RegistrationRouter.swift */; };
		521951982722E20A00295424 /* RegistrationController.swift in Sources */ = {isa = PBXBuildFile; fileRef = 521951942722E20A00295424 /* RegistrationController.swift */; };
		521951992722E20A00295424 /* RegistrationAssembly.swift in Sources */ = {isa = PBXBuildFile; fileRef = 521951952722E20A00295424 /* RegistrationAssembly.swift */; };
		5219519B2722E48500295424 /* RegistrationModelsFactory.swift in Sources */ = {isa = PBXBuildFile; fileRef = 5219519A2722E48500295424 /* RegistrationModelsFactory.swift */; };
		521951A62727EF5A00295424 /* ReadedBlogsPresenter.swift in Sources */ = {isa = PBXBuildFile; fileRef = 521951A22727EF5A00295424 /* ReadedBlogsPresenter.swift */; };
		521951A72727EF5A00295424 /* ReadedBlogsRouter.swift in Sources */ = {isa = PBXBuildFile; fileRef = 521951A32727EF5A00295424 /* ReadedBlogsRouter.swift */; };
		521951A82727EF5A00295424 /* ReadedBlogsController.swift in Sources */ = {isa = PBXBuildFile; fileRef = 521951A42727EF5A00295424 /* ReadedBlogsController.swift */; };
		521951A92727EF5A00295424 /* ReadedBlogsAssembly.swift in Sources */ = {isa = PBXBuildFile; fileRef = 521951A52727EF5A00295424 /* ReadedBlogsAssembly.swift */; };
		521951AB27293A5200295424 /* ReadedBlogsFactory.swift in Sources */ = {isa = PBXBuildFile; fileRef = 521951AA27293A5200295424 /* ReadedBlogsFactory.swift */; };
		5272FFB126DCD11500C24CC8 /* SignInViewController.swift in Sources */ = {isa = PBXBuildFile; fileRef = 5272FFB026DCD11500C24CC8 /* SignInViewController.swift */; };
		5272FFB326DCD18A00C24CC8 /* SignInPresenter.swift in Sources */ = {isa = PBXBuildFile; fileRef = 5272FFB226DCD18A00C24CC8 /* SignInPresenter.swift */; };
		5272FFB526DCD19B00C24CC8 /* SignInRouter.swift in Sources */ = {isa = PBXBuildFile; fileRef = 5272FFB426DCD19B00C24CC8 /* SignInRouter.swift */; };
		5272FFB726DCD1A600C24CC8 /* SignInAssembly.swift in Sources */ = {isa = PBXBuildFile; fileRef = 5272FFB626DCD1A600C24CC8 /* SignInAssembly.swift */; };
		5272FFBA26DCD1C700C24CC8 /* DIManager.swift in Sources */ = {isa = PBXBuildFile; fileRef = 5272FFB926DCD1C700C24CC8 /* DIManager.swift */; };
		5272FFC826DD26C600C24CC8 /* SignInModelConfigurator.swift in Sources */ = {isa = PBXBuildFile; fileRef = 5272FFC726DD26C600C24CC8 /* SignInModelConfigurator.swift */; };
		527342D9272AD83D00CA4206 /* Core.framework in Copy Dependencies */ = {isa = PBXBuildFile; fileRef = 527342D8272AD83600CA4206 /* Core.framework */; settings = {ATTRIBUTES = (CodeSignOnCopy, RemoveHeadersOnCopy, ); }; };
		52734328272BE28300CA4206 /* Components.framework in Copy Dependencies */ = {isa = PBXBuildFile; fileRef = 52734326272BE27200CA4206 /* Components.framework */; settings = {ATTRIBUTES = (CodeSignOnCopy, RemoveHeadersOnCopy, ); }; };
		52734E13272C034000CA4206 /* ScrollableTabView.xib in Resources */ = {isa = PBXBuildFile; fileRef = 52734E09272C034000CA4206 /* ScrollableTabView.xib */; };
		52734E14272C034000CA4206 /* ScrollableTabsConstants.swift in Sources */ = {isa = PBXBuildFile; fileRef = 52734E0B272C034000CA4206 /* ScrollableTabsConstants.swift */; };
		52734E15272C034000CA4206 /* ProductsTabDataSourceModel.swift in Sources */ = {isa = PBXBuildFile; fileRef = 52734E0C272C034000CA4206 /* ProductsTabDataSourceModel.swift */; };
		52734E16272C034000CA4206 /* ProductTabCell.xib in Resources */ = {isa = PBXBuildFile; fileRef = 52734E0E272C034000CA4206 /* ProductTabCell.xib */; };
		52734E17272C034000CA4206 /* ProductTabCell.swift in Sources */ = {isa = PBXBuildFile; fileRef = 52734E0F272C034000CA4206 /* ProductTabCell.swift */; };
		52734E18272C034000CA4206 /* ScrollableTabView.swift in Sources */ = {isa = PBXBuildFile; fileRef = 52734E10272C034000CA4206 /* ScrollableTabView.swift */; };
		52734E19272C034000CA4206 /* ScrollableCellModel.swift in Sources */ = {isa = PBXBuildFile; fileRef = 52734E12272C034000CA4206 /* ScrollableCellModel.swift */; };
		52734E38272C04FB00CA4206 /* SwipeDirection.swift in Sources */ = {isa = PBXBuildFile; fileRef = 52734E34272C04FB00CA4206 /* SwipeDirection.swift */; };
		52734E39272C04FB00CA4206 /* PagerTabStripBehaviour.swift in Sources */ = {isa = PBXBuildFile; fileRef = 52734E35272C04FB00CA4206 /* PagerTabStripBehaviour.swift */; };
		52734E3A272C04FB00CA4206 /* PagerTabStripError.swift in Sources */ = {isa = PBXBuildFile; fileRef = 52734E36272C04FB00CA4206 /* PagerTabStripError.swift */; };
		52734E3B272C04FB00CA4206 /* PagerTabStripViewController.swift in Sources */ = {isa = PBXBuildFile; fileRef = 52734E37272C04FB00CA4206 /* PagerTabStripViewController.swift */; };
		52734E41272C09DB00CA4206 /* assets.xcassets in Resources */ = {isa = PBXBuildFile; fileRef = 52734E3E272C09D700CA4206 /* assets.xcassets */; };
		52734E42272C09DB00CA4206 /* Colors.xcassets in Resources */ = {isa = PBXBuildFile; fileRef = 52734E40272C09DB00CA4206 /* Colors.xcassets */; };
		52734E44272C115200CA4206 /* MyLostNavigationController.swift in Sources */ = {isa = PBXBuildFile; fileRef = 52734E43272C115200CA4206 /* MyLostNavigationController.swift */; };
		52734E55272FED6000CA4206 /* MyProfileSliderActionSheetFactory.swift in Sources */ = {isa = PBXBuildFile; fileRef = 52734E54272FED6000CA4206 /* MyProfileSliderActionSheetFactory.swift */; };
		52734E5A272FFB5800CA4206 /* StatementsAndBlogsAdapter.swift in Sources */ = {isa = PBXBuildFile; fileRef = 52734E59272FFB5800CA4206 /* StatementsAndBlogsAdapter.swift */; };
		52734E5D27301FF700CA4206 /* MyProfileMenuModels.swift in Sources */ = {isa = PBXBuildFile; fileRef = 52734E5C27301FF700CA4206 /* MyProfileMenuModels.swift */; };
		527888D226E526ED00324041 /* PostCreateRouter.swift in Sources */ = {isa = PBXBuildFile; fileRef = 527888CF26E526ED00324041 /* PostCreateRouter.swift */; };
		527888D326E526ED00324041 /* PostCreateController.swift in Sources */ = {isa = PBXBuildFile; fileRef = 527888D026E526ED00324041 /* PostCreateController.swift */; };
		527888D426E526ED00324041 /* PostCreateAssembly.swift in Sources */ = {isa = PBXBuildFile; fileRef = 527888D126E526ED00324041 /* PostCreateAssembly.swift */; };
		527888D626E5273A00324041 /* PostCreatePresenter.swift in Sources */ = {isa = PBXBuildFile; fileRef = 527888D526E5273A00324041 /* PostCreatePresenter.swift */; };
		527888E426E5441900324041 /* PickerData.swift in Sources */ = {isa = PBXBuildFile; fileRef = 527888E326E5441900324041 /* PickerData.swift */; };
		527888EF26E59A7F00324041 /* ContactDetailsPresenter.swift in Sources */ = {isa = PBXBuildFile; fileRef = 527888EB26E59A7F00324041 /* ContactDetailsPresenter.swift */; };
		527888F026E59A7F00324041 /* ContactDetailsRouter.swift in Sources */ = {isa = PBXBuildFile; fileRef = 527888EC26E59A7F00324041 /* ContactDetailsRouter.swift */; };
		527888F126E59A7F00324041 /* ContactDetailsController.swift in Sources */ = {isa = PBXBuildFile; fileRef = 527888ED26E59A7F00324041 /* ContactDetailsController.swift */; };
		527888F226E59A7F00324041 /* ContactDetailsAssembly.swift in Sources */ = {isa = PBXBuildFile; fileRef = 527888EE26E59A7F00324041 /* ContactDetailsAssembly.swift */; };
		527888FB26E5ED8D00324041 /* FilterDetailsPresenter.swift in Sources */ = {isa = PBXBuildFile; fileRef = 527888F726E5ED8D00324041 /* FilterDetailsPresenter.swift */; };
		527888FC26E5ED8D00324041 /* FilterDetailsRouter.swift in Sources */ = {isa = PBXBuildFile; fileRef = 527888F826E5ED8D00324041 /* FilterDetailsRouter.swift */; };
		527888FD26E5ED8D00324041 /* FilterDetailsController.swift in Sources */ = {isa = PBXBuildFile; fileRef = 527888F926E5ED8D00324041 /* FilterDetailsController.swift */; };
		527888FE26E5ED8D00324041 /* FilterDetailsConfigurator.swift in Sources */ = {isa = PBXBuildFile; fileRef = 527888FA26E5ED8D00324041 /* FilterDetailsConfigurator.swift */; };
		528FC8602701BD5100ABAAF0 /* FavouriteStatementsPresenter.swift in Sources */ = {isa = PBXBuildFile; fileRef = 528FC85C2701BD5100ABAAF0 /* FavouriteStatementsPresenter.swift */; };
		528FC8612701BD5100ABAAF0 /* FavouriteStatementsRouter.swift in Sources */ = {isa = PBXBuildFile; fileRef = 528FC85D2701BD5100ABAAF0 /* FavouriteStatementsRouter.swift */; };
		528FC8622701BD5100ABAAF0 /* FavouriteStatementsController.swift in Sources */ = {isa = PBXBuildFile; fileRef = 528FC85E2701BD5100ABAAF0 /* FavouriteStatementsController.swift */; };
		528FC8632701BD5100ABAAF0 /* FavouriteStatementsAssembly.swift in Sources */ = {isa = PBXBuildFile; fileRef = 528FC85F2701BD5100ABAAF0 /* FavouriteStatementsAssembly.swift */; };
		528FC8692701C32300ABAAF0 /* FavouriteStatementModel.swift in Sources */ = {isa = PBXBuildFile; fileRef = 528FC8682701C32300ABAAF0 /* FavouriteStatementModel.swift */; };
		5297D98426E383500014F2FF /* DetailsAndLogOutPresenter.swift in Sources */ = {isa = PBXBuildFile; fileRef = 5297D98026E383500014F2FF /* DetailsAndLogOutPresenter.swift */; };
		5297D98526E383500014F2FF /* DetailsAndLogOutRouter.swift in Sources */ = {isa = PBXBuildFile; fileRef = 5297D98126E383500014F2FF /* DetailsAndLogOutRouter.swift */; };
		5297D98626E383500014F2FF /* DetailsAndLogOutController.swift in Sources */ = {isa = PBXBuildFile; fileRef = 5297D98226E383500014F2FF /* DetailsAndLogOutController.swift */; };
		5297D98726E383500014F2FF /* DetailsAndLogOutConfigurator.swift in Sources */ = {isa = PBXBuildFile; fileRef = 5297D98326E383500014F2FF /* DetailsAndLogOutConfigurator.swift */; };
		5297D98F26E3D6760014F2FF /* mylostTests.swift in Sources */ = {isa = PBXBuildFile; fileRef = 5297D98E26E3D6760014F2FF /* mylostTests.swift */; };
		5297D99826E3D8380014F2FF /* MyLostHomeViewControllerTests.swift in Sources */ = {isa = PBXBuildFile; fileRef = 5297D99726E3D8380014F2FF /* MyLostHomeViewControllerTests.swift */; };
		5297D99B26E3D8CA0014F2FF /* MyLostHomePresenterMock.swift in Sources */ = {isa = PBXBuildFile; fileRef = 5297D99A26E3D8CA0014F2FF /* MyLostHomePresenterMock.swift */; };
		5297D99D26E3DDCB0014F2FF /* MyLostHomePresenterTest.swift in Sources */ = {isa = PBXBuildFile; fileRef = 5297D99C26E3DDCB0014F2FF /* MyLostHomePresenterTest.swift */; };
		5297D99F26E3F53E0014F2FF /* MyLostHomeRouterMock.swift in Sources */ = {isa = PBXBuildFile; fileRef = 5297D99E26E3F53E0014F2FF /* MyLostHomeRouterMock.swift */; };
		5297D9AE26E4C2520014F2FF /* SignInViewControllerTests.swift in Sources */ = {isa = PBXBuildFile; fileRef = 5297D9AD26E4C2520014F2FF /* SignInViewControllerTests.swift */; };
		5297D9B026E4C2600014F2FF /* SignInPresenterTests.swift in Sources */ = {isa = PBXBuildFile; fileRef = 5297D9AF26E4C2600014F2FF /* SignInPresenterTests.swift */; };
		5297D9B226E4C26D0014F2FF /* SignInPresenterMock.swift in Sources */ = {isa = PBXBuildFile; fileRef = 5297D9B126E4C26D0014F2FF /* SignInPresenterMock.swift */; };
		5297D9B426E4C27A0014F2FF /* SignInRouterMock.swift in Sources */ = {isa = PBXBuildFile; fileRef = 5297D9B326E4C27A0014F2FF /* SignInRouterMock.swift */; };
		5297D9B726E4C6A10014F2FF /* NetworkTests.swift in Sources */ = {isa = PBXBuildFile; fileRef = 5297D9B626E4C6A10014F2FF /* NetworkTests.swift */; };
		5297D9BB26E4DD210014F2FF /* BlogDetailsViewController.swift in Sources */ = {isa = PBXBuildFile; fileRef = 5297D9BA26E4DD210014F2FF /* BlogDetailsViewController.swift */; };
		5297D9BE26E4DD320014F2FF /* BlogDetailsPresenter.swift in Sources */ = {isa = PBXBuildFile; fileRef = 5297D9BD26E4DD320014F2FF /* BlogDetailsPresenter.swift */; };
		5297D9C026E4DD3C0014F2FF /* BlogDetailsRouter.swift in Sources */ = {isa = PBXBuildFile; fileRef = 5297D9BF26E4DD3C0014F2FF /* BlogDetailsRouter.swift */; };
		5297D9C326E4DD520014F2FF /* BlogDetailsAssembly.swift in Sources */ = {isa = PBXBuildFile; fileRef = 5297D9C226E4DD520014F2FF /* BlogDetailsAssembly.swift */; };
		52D437F126ED2CB90067BC98 /* TransitionManager.swift in Sources */ = {isa = PBXBuildFile; fileRef = 52D437F026ED2CB90067BC98 /* TransitionManager.swift */; };
		52D80C5D264EF64200ACBC16 /* AppDelegate.swift in Sources */ = {isa = PBXBuildFile; fileRef = 52D80C5C264EF64200ACBC16 /* AppDelegate.swift */; };
		52D80C5F264EF64200ACBC16 /* SceneDelegate.swift in Sources */ = {isa = PBXBuildFile; fileRef = 52D80C5E264EF64200ACBC16 /* SceneDelegate.swift */; };
		52D80C61264EF64200ACBC16 /* ViewController.swift in Sources */ = {isa = PBXBuildFile; fileRef = 52D80C60264EF64200ACBC16 /* ViewController.swift */; };
		52D80C64264EF64200ACBC16 /* Main.storyboard in Resources */ = {isa = PBXBuildFile; fileRef = 52D80C62264EF64200ACBC16 /* Main.storyboard */; };
		52D80C66264EF64500ACBC16 /* Assets.xcassets in Resources */ = {isa = PBXBuildFile; fileRef = 52D80C65264EF64500ACBC16 /* Assets.xcassets */; };
		52D80C69264EF64500ACBC16 /* LaunchScreen.storyboard in Resources */ = {isa = PBXBuildFile; fileRef = 52D80C67264EF64500ACBC16 /* LaunchScreen.storyboard */; };
		52DC595B267E2DE800B35E35 /* TabContainer.swift in Sources */ = {isa = PBXBuildFile; fileRef = 52DC595A267E2DE800B35E35 /* TabContainer.swift */; };
		52DC59D52680D82A00B35E35 /* MyLostHomePresenter.swift in Sources */ = {isa = PBXBuildFile; fileRef = 52DC59D12680D82A00B35E35 /* MyLostHomePresenter.swift */; };
		52DC59D62680D82A00B35E35 /* MyLostHomeRouter.swift in Sources */ = {isa = PBXBuildFile; fileRef = 52DC59D22680D82A00B35E35 /* MyLostHomeRouter.swift */; };
		52DC59D72680D82A00B35E35 /* MyLostHomeController.swift in Sources */ = {isa = PBXBuildFile; fileRef = 52DC59D32680D82A00B35E35 /* MyLostHomeController.swift */; };
		52DC59D82680D82A00B35E35 /* MyLostHomeAssembly.swift in Sources */ = {isa = PBXBuildFile; fileRef = 52DC59D42680D82A00B35E35 /* MyLostHomeAssembly.swift */; };
		52DC59E02680DDC800B35E35 /* StatementsPresenter.swift in Sources */ = {isa = PBXBuildFile; fileRef = 52DC59DC2680DDC800B35E35 /* StatementsPresenter.swift */; };
		52DC59E12680DDC800B35E35 /* StatementsRouter.swift in Sources */ = {isa = PBXBuildFile; fileRef = 52DC59DD2680DDC800B35E35 /* StatementsRouter.swift */; };
		52DC59E22680DDC800B35E35 /* StatementsController.swift in Sources */ = {isa = PBXBuildFile; fileRef = 52DC59DE2680DDC800B35E35 /* StatementsController.swift */; };
		52DC59E32680DDC800B35E35 /* StatementsConfigurator.swift in Sources */ = {isa = PBXBuildFile; fileRef = 52DC59DF2680DDC800B35E35 /* StatementsConfigurator.swift */; };
		52F248AE2688911D00A6CC6D /* MyLostHomePage + ModelBuilder.swift in Sources */ = {isa = PBXBuildFile; fileRef = 52F248AD2688911D00A6CC6D /* MyLostHomePage + ModelBuilder.swift */; };
		99BB25347253F7C36D942EEB /* Pods_mylost.framework in Frameworks */ = {isa = PBXBuildFile; fileRef = D349D1DBF7F13EF663F20BC1 /* Pods_mylost.framework */; };
/* End PBXBuildFile section */

/* Begin PBXContainerItemProxy section */
		527342D7272AD83600CA4206 /* PBXContainerItemProxy */ = {
			isa = PBXContainerItemProxy;
			containerPortal = 527342D3272AD83600CA4206 /* Core.xcodeproj */;
			proxyType = 2;
			remoteGlobalIDString = 527342C7272AD79F00CA4206;
			remoteInfo = Core;
		};
		52734325272BE27200CA4206 /* PBXContainerItemProxy */ = {
			isa = PBXContainerItemProxy;
			containerPortal = 52734321272BE27200CA4206 /* Components.xcodeproj */;
			proxyType = 2;
			remoteGlobalIDString = 52734313272BE1EC00CA4206;
			remoteInfo = Components;
		};
		5297D99126E3D6760014F2FF /* PBXContainerItemProxy */ = {
			isa = PBXContainerItemProxy;
			containerPortal = 52D80C51264EF64200ACBC16 /* Project object */;
			proxyType = 1;
			remoteGlobalIDString = 52D80C58264EF64200ACBC16;
			remoteInfo = mylost;
		};
/* End PBXContainerItemProxy section */

/* Begin PBXCopyFilesBuildPhase section */
		52195265272A9E8F00295424 /* Copy Dependencies */ = {
			isa = PBXCopyFilesBuildPhase;
			buildActionMask = 2147483647;
			dstPath = "";
			dstSubfolderSpec = 10;
			files = (
				527342D9272AD83D00CA4206 /* Core.framework in Copy Dependencies */,
				52734328272BE28300CA4206 /* Components.framework in Copy Dependencies */,
			);
			name = "Copy Dependencies";
			runOnlyForDeploymentPostprocessing = 0;
		};
/* End PBXCopyFilesBuildPhase section */

/* Begin PBXFileReference section */
		4507154F817557A5820E2484 /* Pods-mylost.debug.xcconfig */ = {isa = PBXFileReference; includeInIndex = 1; lastKnownFileType = text.xcconfig; name = "Pods-mylost.debug.xcconfig"; path = "Target Support Files/Pods-mylost/Pods-mylost.debug.xcconfig"; sourceTree = "<group>"; };
		520E21AF26E0020A00A5EF70 /* ModelBuilder.swift */ = {isa = PBXFileReference; lastKnownFileType = sourcecode.swift; path = ModelBuilder.swift; sourceTree = "<group>"; };
		520E21B326E005CE00A5EF70 /* MyProfileViewController.swift */ = {isa = PBXFileReference; lastKnownFileType = sourcecode.swift; path = MyProfileViewController.swift; sourceTree = "<group>"; };
		520E21B526E005D900A5EF70 /* MyProfilePresenter.swift */ = {isa = PBXFileReference; lastKnownFileType = sourcecode.swift; path = MyProfilePresenter.swift; sourceTree = "<group>"; };
		520E21B726E005E300A5EF70 /* MyProfileRouter.swift */ = {isa = PBXFileReference; lastKnownFileType = sourcecode.swift; path = MyProfileRouter.swift; sourceTree = "<group>"; };
		520E21B926E005EE00A5EF70 /* MyProfileAssembly.swift */ = {isa = PBXFileReference; lastKnownFileType = sourcecode.swift; path = MyProfileAssembly.swift; sourceTree = "<group>"; };
		5219517D2722BEB000295424 /* LeakTest.swift */ = {isa = PBXFileReference; lastKnownFileType = sourcecode.swift; path = LeakTest.swift; sourceTree = "<group>"; };
		521951922722E20A00295424 /* RegistrationPresenter.swift */ = {isa = PBXFileReference; lastKnownFileType = sourcecode.swift; path = RegistrationPresenter.swift; sourceTree = "<group>"; };
		521951932722E20A00295424 /* RegistrationRouter.swift */ = {isa = PBXFileReference; lastKnownFileType = sourcecode.swift; path = RegistrationRouter.swift; sourceTree = "<group>"; };
		521951942722E20A00295424 /* RegistrationController.swift */ = {isa = PBXFileReference; lastKnownFileType = sourcecode.swift; path = RegistrationController.swift; sourceTree = "<group>"; };
		521951952722E20A00295424 /* RegistrationAssembly.swift */ = {isa = PBXFileReference; lastKnownFileType = sourcecode.swift; path = RegistrationAssembly.swift; sourceTree = "<group>"; };
		5219519A2722E48500295424 /* RegistrationModelsFactory.swift */ = {isa = PBXFileReference; lastKnownFileType = sourcecode.swift; path = RegistrationModelsFactory.swift; sourceTree = "<group>"; };
		521951A22727EF5A00295424 /* ReadedBlogsPresenter.swift */ = {isa = PBXFileReference; lastKnownFileType = sourcecode.swift; path = ReadedBlogsPresenter.swift; sourceTree = "<group>"; };
		521951A32727EF5A00295424 /* ReadedBlogsRouter.swift */ = {isa = PBXFileReference; lastKnownFileType = sourcecode.swift; path = ReadedBlogsRouter.swift; sourceTree = "<group>"; };
		521951A42727EF5A00295424 /* ReadedBlogsController.swift */ = {isa = PBXFileReference; lastKnownFileType = sourcecode.swift; path = ReadedBlogsController.swift; sourceTree = "<group>"; };
		521951A52727EF5A00295424 /* ReadedBlogsAssembly.swift */ = {isa = PBXFileReference; lastKnownFileType = sourcecode.swift; path = ReadedBlogsAssembly.swift; sourceTree = "<group>"; };
		521951AA27293A5200295424 /* ReadedBlogsFactory.swift */ = {isa = PBXFileReference; lastKnownFileType = sourcecode.swift; path = ReadedBlogsFactory.swift; sourceTree = "<group>"; };
		5272FFB026DCD11500C24CC8 /* SignInViewController.swift */ = {isa = PBXFileReference; lastKnownFileType = sourcecode.swift; path = SignInViewController.swift; sourceTree = "<group>"; };
		5272FFB226DCD18A00C24CC8 /* SignInPresenter.swift */ = {isa = PBXFileReference; lastKnownFileType = sourcecode.swift; path = SignInPresenter.swift; sourceTree = "<group>"; };
		5272FFB426DCD19B00C24CC8 /* SignInRouter.swift */ = {isa = PBXFileReference; lastKnownFileType = sourcecode.swift; path = SignInRouter.swift; sourceTree = "<group>"; };
		5272FFB626DCD1A600C24CC8 /* SignInAssembly.swift */ = {isa = PBXFileReference; lastKnownFileType = sourcecode.swift; path = SignInAssembly.swift; sourceTree = "<group>"; };
		5272FFB926DCD1C700C24CC8 /* DIManager.swift */ = {isa = PBXFileReference; lastKnownFileType = sourcecode.swift; path = DIManager.swift; sourceTree = "<group>"; };
		5272FFC726DD26C600C24CC8 /* SignInModelConfigurator.swift */ = {isa = PBXFileReference; lastKnownFileType = sourcecode.swift; path = SignInModelConfigurator.swift; sourceTree = "<group>"; };
		527342D3272AD83600CA4206 /* Core.xcodeproj */ = {isa = PBXFileReference; lastKnownFileType = "wrapper.pb-project"; name = Core.xcodeproj; path = Core/Core.xcodeproj; sourceTree = "<group>"; };
		52734321272BE27200CA4206 /* Components.xcodeproj */ = {isa = PBXFileReference; lastKnownFileType = "wrapper.pb-project"; name = Components.xcodeproj; path = Components/Components.xcodeproj; sourceTree = "<group>"; };
		52734E09272C034000CA4206 /* ScrollableTabView.xib */ = {isa = PBXFileReference; fileEncoding = 4; lastKnownFileType = file.xib; path = ScrollableTabView.xib; sourceTree = "<group>"; };
		52734E0B272C034000CA4206 /* ScrollableTabsConstants.swift */ = {isa = PBXFileReference; fileEncoding = 4; lastKnownFileType = sourcecode.swift; path = ScrollableTabsConstants.swift; sourceTree = "<group>"; };
		52734E0C272C034000CA4206 /* ProductsTabDataSourceModel.swift */ = {isa = PBXFileReference; fileEncoding = 4; lastKnownFileType = sourcecode.swift; path = ProductsTabDataSourceModel.swift; sourceTree = "<group>"; };
		52734E0E272C034000CA4206 /* ProductTabCell.xib */ = {isa = PBXFileReference; fileEncoding = 4; lastKnownFileType = file.xib; path = ProductTabCell.xib; sourceTree = "<group>"; };
		52734E0F272C034000CA4206 /* ProductTabCell.swift */ = {isa = PBXFileReference; fileEncoding = 4; lastKnownFileType = sourcecode.swift; path = ProductTabCell.swift; sourceTree = "<group>"; };
		52734E10272C034000CA4206 /* ScrollableTabView.swift */ = {isa = PBXFileReference; fileEncoding = 4; lastKnownFileType = sourcecode.swift; path = ScrollableTabView.swift; sourceTree = "<group>"; };
		52734E12272C034000CA4206 /* ScrollableCellModel.swift */ = {isa = PBXFileReference; fileEncoding = 4; lastKnownFileType = sourcecode.swift; path = ScrollableCellModel.swift; sourceTree = "<group>"; };
		52734E34272C04FB00CA4206 /* SwipeDirection.swift */ = {isa = PBXFileReference; fileEncoding = 4; lastKnownFileType = sourcecode.swift; path = SwipeDirection.swift; sourceTree = "<group>"; };
		52734E35272C04FB00CA4206 /* PagerTabStripBehaviour.swift */ = {isa = PBXFileReference; fileEncoding = 4; lastKnownFileType = sourcecode.swift; path = PagerTabStripBehaviour.swift; sourceTree = "<group>"; };
		52734E36272C04FB00CA4206 /* PagerTabStripError.swift */ = {isa = PBXFileReference; fileEncoding = 4; lastKnownFileType = sourcecode.swift; path = PagerTabStripError.swift; sourceTree = "<group>"; };
		52734E37272C04FB00CA4206 /* PagerTabStripViewController.swift */ = {isa = PBXFileReference; fileEncoding = 4; lastKnownFileType = sourcecode.swift; path = PagerTabStripViewController.swift; sourceTree = "<group>"; };
		52734E3E272C09D700CA4206 /* assets.xcassets */ = {isa = PBXFileReference; lastKnownFileType = folder.assetcatalog; path = assets.xcassets; sourceTree = "<group>"; };
		52734E40272C09DB00CA4206 /* Colors.xcassets */ = {isa = PBXFileReference; lastKnownFileType = folder.assetcatalog; path = Colors.xcassets; sourceTree = "<group>"; };
		52734E43272C115200CA4206 /* MyLostNavigationController.swift */ = {isa = PBXFileReference; lastKnownFileType = sourcecode.swift; path = MyLostNavigationController.swift; sourceTree = "<group>"; };
		52734E54272FED6000CA4206 /* MyProfileSliderActionSheetFactory.swift */ = {isa = PBXFileReference; lastKnownFileType = sourcecode.swift; path = MyProfileSliderActionSheetFactory.swift; sourceTree = "<group>"; };
		52734E59272FFB5800CA4206 /* StatementsAndBlogsAdapter.swift */ = {isa = PBXFileReference; lastKnownFileType = sourcecode.swift; path = StatementsAndBlogsAdapter.swift; sourceTree = "<group>"; };
		52734E5C27301FF700CA4206 /* MyProfileMenuModels.swift */ = {isa = PBXFileReference; lastKnownFileType = sourcecode.swift; path = MyProfileMenuModels.swift; sourceTree = "<group>"; };
		527888CF26E526ED00324041 /* PostCreateRouter.swift */ = {isa = PBXFileReference; lastKnownFileType = sourcecode.swift; path = PostCreateRouter.swift; sourceTree = "<group>"; };
		527888D026E526ED00324041 /* PostCreateController.swift */ = {isa = PBXFileReference; lastKnownFileType = sourcecode.swift; path = PostCreateController.swift; sourceTree = "<group>"; };
		527888D126E526ED00324041 /* PostCreateAssembly.swift */ = {isa = PBXFileReference; lastKnownFileType = sourcecode.swift; path = PostCreateAssembly.swift; sourceTree = "<group>"; };
		527888D526E5273A00324041 /* PostCreatePresenter.swift */ = {isa = PBXFileReference; lastKnownFileType = sourcecode.swift; path = PostCreatePresenter.swift; sourceTree = "<group>"; };
		527888E326E5441900324041 /* PickerData.swift */ = {isa = PBXFileReference; lastKnownFileType = sourcecode.swift; path = PickerData.swift; sourceTree = "<group>"; };
		527888EB26E59A7F00324041 /* ContactDetailsPresenter.swift */ = {isa = PBXFileReference; lastKnownFileType = sourcecode.swift; path = ContactDetailsPresenter.swift; sourceTree = "<group>"; };
		527888EC26E59A7F00324041 /* ContactDetailsRouter.swift */ = {isa = PBXFileReference; lastKnownFileType = sourcecode.swift; path = ContactDetailsRouter.swift; sourceTree = "<group>"; };
		527888ED26E59A7F00324041 /* ContactDetailsController.swift */ = {isa = PBXFileReference; lastKnownFileType = sourcecode.swift; path = ContactDetailsController.swift; sourceTree = "<group>"; };
		527888EE26E59A7F00324041 /* ContactDetailsAssembly.swift */ = {isa = PBXFileReference; lastKnownFileType = sourcecode.swift; path = ContactDetailsAssembly.swift; sourceTree = "<group>"; };
		527888F726E5ED8D00324041 /* FilterDetailsPresenter.swift */ = {isa = PBXFileReference; lastKnownFileType = sourcecode.swift; path = FilterDetailsPresenter.swift; sourceTree = "<group>"; };
		527888F826E5ED8D00324041 /* FilterDetailsRouter.swift */ = {isa = PBXFileReference; lastKnownFileType = sourcecode.swift; path = FilterDetailsRouter.swift; sourceTree = "<group>"; };
		527888F926E5ED8D00324041 /* FilterDetailsController.swift */ = {isa = PBXFileReference; lastKnownFileType = sourcecode.swift; path = FilterDetailsController.swift; sourceTree = "<group>"; };
		527888FA26E5ED8D00324041 /* FilterDetailsConfigurator.swift */ = {isa = PBXFileReference; lastKnownFileType = sourcecode.swift; path = FilterDetailsConfigurator.swift; sourceTree = "<group>"; };
		528FC85C2701BD5100ABAAF0 /* FavouriteStatementsPresenter.swift */ = {isa = PBXFileReference; lastKnownFileType = sourcecode.swift; path = FavouriteStatementsPresenter.swift; sourceTree = "<group>"; };
		528FC85D2701BD5100ABAAF0 /* FavouriteStatementsRouter.swift */ = {isa = PBXFileReference; lastKnownFileType = sourcecode.swift; path = FavouriteStatementsRouter.swift; sourceTree = "<group>"; };
		528FC85E2701BD5100ABAAF0 /* FavouriteStatementsController.swift */ = {isa = PBXFileReference; lastKnownFileType = sourcecode.swift; path = FavouriteStatementsController.swift; sourceTree = "<group>"; };
		528FC85F2701BD5100ABAAF0 /* FavouriteStatementsAssembly.swift */ = {isa = PBXFileReference; lastKnownFileType = sourcecode.swift; path = FavouriteStatementsAssembly.swift; sourceTree = "<group>"; };
		528FC8682701C32300ABAAF0 /* FavouriteStatementModel.swift */ = {isa = PBXFileReference; lastKnownFileType = sourcecode.swift; path = FavouriteStatementModel.swift; sourceTree = "<group>"; };
		5297D98026E383500014F2FF /* DetailsAndLogOutPresenter.swift */ = {isa = PBXFileReference; lastKnownFileType = sourcecode.swift; path = DetailsAndLogOutPresenter.swift; sourceTree = "<group>"; };
		5297D98126E383500014F2FF /* DetailsAndLogOutRouter.swift */ = {isa = PBXFileReference; lastKnownFileType = sourcecode.swift; path = DetailsAndLogOutRouter.swift; sourceTree = "<group>"; };
		5297D98226E383500014F2FF /* DetailsAndLogOutController.swift */ = {isa = PBXFileReference; lastKnownFileType = sourcecode.swift; path = DetailsAndLogOutController.swift; sourceTree = "<group>"; };
		5297D98326E383500014F2FF /* DetailsAndLogOutConfigurator.swift */ = {isa = PBXFileReference; lastKnownFileType = sourcecode.swift; path = DetailsAndLogOutConfigurator.swift; sourceTree = "<group>"; };
		5297D98C26E3D6760014F2FF /* mylostTests.xctest */ = {isa = PBXFileReference; explicitFileType = wrapper.cfbundle; includeInIndex = 0; path = mylostTests.xctest; sourceTree = BUILT_PRODUCTS_DIR; };
		5297D98E26E3D6760014F2FF /* mylostTests.swift */ = {isa = PBXFileReference; lastKnownFileType = sourcecode.swift; path = mylostTests.swift; sourceTree = "<group>"; };
		5297D99026E3D6760014F2FF /* Info.plist */ = {isa = PBXFileReference; lastKnownFileType = text.plist.xml; path = Info.plist; sourceTree = "<group>"; };
		5297D99726E3D8380014F2FF /* MyLostHomeViewControllerTests.swift */ = {isa = PBXFileReference; lastKnownFileType = sourcecode.swift; path = MyLostHomeViewControllerTests.swift; sourceTree = "<group>"; };
		5297D99A26E3D8CA0014F2FF /* MyLostHomePresenterMock.swift */ = {isa = PBXFileReference; lastKnownFileType = sourcecode.swift; path = MyLostHomePresenterMock.swift; sourceTree = "<group>"; };
		5297D99C26E3DDCB0014F2FF /* MyLostHomePresenterTest.swift */ = {isa = PBXFileReference; lastKnownFileType = sourcecode.swift; path = MyLostHomePresenterTest.swift; sourceTree = "<group>"; };
		5297D99E26E3F53E0014F2FF /* MyLostHomeRouterMock.swift */ = {isa = PBXFileReference; lastKnownFileType = sourcecode.swift; path = MyLostHomeRouterMock.swift; sourceTree = "<group>"; };
		5297D9AD26E4C2520014F2FF /* SignInViewControllerTests.swift */ = {isa = PBXFileReference; lastKnownFileType = sourcecode.swift; path = SignInViewControllerTests.swift; sourceTree = "<group>"; };
		5297D9AF26E4C2600014F2FF /* SignInPresenterTests.swift */ = {isa = PBXFileReference; lastKnownFileType = sourcecode.swift; path = SignInPresenterTests.swift; sourceTree = "<group>"; };
		5297D9B126E4C26D0014F2FF /* SignInPresenterMock.swift */ = {isa = PBXFileReference; lastKnownFileType = sourcecode.swift; path = SignInPresenterMock.swift; sourceTree = "<group>"; };
		5297D9B326E4C27A0014F2FF /* SignInRouterMock.swift */ = {isa = PBXFileReference; lastKnownFileType = sourcecode.swift; path = SignInRouterMock.swift; sourceTree = "<group>"; };
		5297D9B626E4C6A10014F2FF /* NetworkTests.swift */ = {isa = PBXFileReference; lastKnownFileType = sourcecode.swift; path = NetworkTests.swift; sourceTree = "<group>"; };
		5297D9BA26E4DD210014F2FF /* BlogDetailsViewController.swift */ = {isa = PBXFileReference; lastKnownFileType = sourcecode.swift; path = BlogDetailsViewController.swift; sourceTree = "<group>"; };
		5297D9BD26E4DD320014F2FF /* BlogDetailsPresenter.swift */ = {isa = PBXFileReference; lastKnownFileType = sourcecode.swift; path = BlogDetailsPresenter.swift; sourceTree = "<group>"; };
		5297D9BF26E4DD3C0014F2FF /* BlogDetailsRouter.swift */ = {isa = PBXFileReference; lastKnownFileType = sourcecode.swift; path = BlogDetailsRouter.swift; sourceTree = "<group>"; };
		5297D9C226E4DD520014F2FF /* BlogDetailsAssembly.swift */ = {isa = PBXFileReference; lastKnownFileType = sourcecode.swift; path = BlogDetailsAssembly.swift; sourceTree = "<group>"; };
		52D437F026ED2CB90067BC98 /* TransitionManager.swift */ = {isa = PBXFileReference; lastKnownFileType = sourcecode.swift; path = TransitionManager.swift; sourceTree = "<group>"; };
		52D80C59264EF64200ACBC16 /* mylost.app */ = {isa = PBXFileReference; explicitFileType = wrapper.application; includeInIndex = 0; path = mylost.app; sourceTree = BUILT_PRODUCTS_DIR; };
		52D80C5C264EF64200ACBC16 /* AppDelegate.swift */ = {isa = PBXFileReference; lastKnownFileType = sourcecode.swift; path = AppDelegate.swift; sourceTree = "<group>"; };
		52D80C5E264EF64200ACBC16 /* SceneDelegate.swift */ = {isa = PBXFileReference; lastKnownFileType = sourcecode.swift; path = SceneDelegate.swift; sourceTree = "<group>"; };
		52D80C60264EF64200ACBC16 /* ViewController.swift */ = {isa = PBXFileReference; lastKnownFileType = sourcecode.swift; path = ViewController.swift; sourceTree = "<group>"; };
		52D80C63264EF64200ACBC16 /* Base */ = {isa = PBXFileReference; lastKnownFileType = file.storyboard; name = Base; path = Base.lproj/Main.storyboard; sourceTree = "<group>"; };
		52D80C65264EF64500ACBC16 /* Assets.xcassets */ = {isa = PBXFileReference; lastKnownFileType = folder.assetcatalog; path = Assets.xcassets; sourceTree = "<group>"; };
		52D80C68264EF64500ACBC16 /* Base */ = {isa = PBXFileReference; lastKnownFileType = file.storyboard; name = Base; path = Base.lproj/LaunchScreen.storyboard; sourceTree = "<group>"; };
		52D80C6A264EF64500ACBC16 /* Info.plist */ = {isa = PBXFileReference; lastKnownFileType = text.plist.xml; path = Info.plist; sourceTree = "<group>"; };
		52DC595A267E2DE800B35E35 /* TabContainer.swift */ = {isa = PBXFileReference; lastKnownFileType = sourcecode.swift; path = TabContainer.swift; sourceTree = "<group>"; };
		52DC59D12680D82A00B35E35 /* MyLostHomePresenter.swift */ = {isa = PBXFileReference; lastKnownFileType = sourcecode.swift; path = MyLostHomePresenter.swift; sourceTree = "<group>"; };
		52DC59D22680D82A00B35E35 /* MyLostHomeRouter.swift */ = {isa = PBXFileReference; lastKnownFileType = sourcecode.swift; path = MyLostHomeRouter.swift; sourceTree = "<group>"; };
		52DC59D32680D82A00B35E35 /* MyLostHomeController.swift */ = {isa = PBXFileReference; lastKnownFileType = sourcecode.swift; path = MyLostHomeController.swift; sourceTree = "<group>"; };
		52DC59D42680D82A00B35E35 /* MyLostHomeAssembly.swift */ = {isa = PBXFileReference; lastKnownFileType = sourcecode.swift; path = MyLostHomeAssembly.swift; sourceTree = "<group>"; };
		52DC59DC2680DDC800B35E35 /* StatementsPresenter.swift */ = {isa = PBXFileReference; lastKnownFileType = sourcecode.swift; path = StatementsPresenter.swift; sourceTree = "<group>"; };
		52DC59DD2680DDC800B35E35 /* StatementsRouter.swift */ = {isa = PBXFileReference; lastKnownFileType = sourcecode.swift; path = StatementsRouter.swift; sourceTree = "<group>"; };
		52DC59DE2680DDC800B35E35 /* StatementsController.swift */ = {isa = PBXFileReference; lastKnownFileType = sourcecode.swift; path = StatementsController.swift; sourceTree = "<group>"; };
		52DC59DF2680DDC800B35E35 /* StatementsConfigurator.swift */ = {isa = PBXFileReference; lastKnownFileType = sourcecode.swift; path = StatementsConfigurator.swift; sourceTree = "<group>"; };
		52F248AD2688911D00A6CC6D /* MyLostHomePage + ModelBuilder.swift */ = {isa = PBXFileReference; lastKnownFileType = sourcecode.swift; path = "MyLostHomePage + ModelBuilder.swift"; sourceTree = "<group>"; };
		BE9F521A104C1B6D2B5106FB /* Pods-mylost.release.xcconfig */ = {isa = PBXFileReference; includeInIndex = 1; lastKnownFileType = text.xcconfig; name = "Pods-mylost.release.xcconfig"; path = "Target Support Files/Pods-mylost/Pods-mylost.release.xcconfig"; sourceTree = "<group>"; };
		D349D1DBF7F13EF663F20BC1 /* Pods_mylost.framework */ = {isa = PBXFileReference; explicitFileType = wrapper.framework; includeInIndex = 0; path = Pods_mylost.framework; sourceTree = BUILT_PRODUCTS_DIR; };
/* End PBXFileReference section */

/* Begin PBXFrameworksBuildPhase section */
		5297D98926E3D6760014F2FF /* Frameworks */ = {
			isa = PBXFrameworksBuildPhase;
			buildActionMask = 2147483647;
			files = (
			);
			runOnlyForDeploymentPostprocessing = 0;
		};
		52D80C56264EF64200ACBC16 /* Frameworks */ = {
			isa = PBXFrameworksBuildPhase;
			buildActionMask = 2147483647;
			files = (
				99BB25347253F7C36D942EEB /* Pods_mylost.framework in Frameworks */,
			);
			runOnlyForDeploymentPostprocessing = 0;
		};
/* End PBXFrameworksBuildPhase section */

/* Begin PBXGroup section */
		520E21AE26E001FE00A5EF70 /* Helpers */ = {
			isa = PBXGroup;
			children = (
				520E21AF26E0020A00A5EF70 /* ModelBuilder.swift */,
			);
			path = Helpers;
			sourceTree = "<group>";
		};
		520E21B126E005A700A5EF70 /* MyProfile */ = {
			isa = PBXGroup;
			children = (
				52734E5B27301FE400CA4206 /* Models */,
				52734E58272FFB1D00CA4206 /* Adapter */,
				520E21B226E005BB00A5EF70 /* Core */,
			);
			path = MyProfile;
			sourceTree = "<group>";
		};
		520E21B226E005BB00A5EF70 /* Core */ = {
			isa = PBXGroup;
			children = (
				520E21B326E005CE00A5EF70 /* MyProfileViewController.swift */,
				520E21B526E005D900A5EF70 /* MyProfilePresenter.swift */,
				520E21B726E005E300A5EF70 /* MyProfileRouter.swift */,
				520E21B926E005EE00A5EF70 /* MyProfileAssembly.swift */,
				52734E54272FED6000CA4206 /* MyProfileSliderActionSheetFactory.swift */,
			);
			path = Core;
			sourceTree = "<group>";
		};
		5219517C2722BEA200295424 /* LeakTests */ = {
			isa = PBXGroup;
			children = (
				5219517D2722BEB000295424 /* LeakTest.swift */,
			);
			path = LeakTests;
			sourceTree = "<group>";
		};
		5219518E2722DC8800295424 /* Registration */ = {
			isa = PBXGroup;
			children = (
				5219518F2722DC9100295424 /* Scenes */,
			);
			path = Registration;
			sourceTree = "<group>";
		};
		5219518F2722DC9100295424 /* Scenes */ = {
			isa = PBXGroup;
			children = (
				521951922722E20A00295424 /* RegistrationPresenter.swift */,
				521951932722E20A00295424 /* RegistrationRouter.swift */,
				521951942722E20A00295424 /* RegistrationController.swift */,
				521951952722E20A00295424 /* RegistrationAssembly.swift */,
				5219519A2722E48500295424 /* RegistrationModelsFactory.swift */,
			);
			path = Scenes;
			sourceTree = "<group>";
		};
		521951A12727EF3800295424 /* ReadedBlogWithReactive */ = {
			isa = PBXGroup;
			children = (
				521951A22727EF5A00295424 /* ReadedBlogsPresenter.swift */,
				521951A32727EF5A00295424 /* ReadedBlogsRouter.swift */,
				521951A42727EF5A00295424 /* ReadedBlogsController.swift */,
				521951A52727EF5A00295424 /* ReadedBlogsAssembly.swift */,
				521951AA27293A5200295424 /* ReadedBlogsFactory.swift */,
			);
			path = ReadedBlogWithReactive;
			sourceTree = "<group>";
		};
		5219525B272A9E7A00295424 /* Dependencies */ = {
			isa = PBXGroup;
			children = (
				52734321272BE27200CA4206 /* Components.xcodeproj */,
				527342D3272AD83600CA4206 /* Core.xcodeproj */,
			);
			name = Dependencies;
			sourceTree = "<group>";
		};
		5272FFAF26DCD0E800C24CC8 /* Sign In */ = {
			isa = PBXGroup;
			children = (
				5272FFC626DD26B600C24CC8 /* Helpers */,
				5272FFB826DCD1AB00C24CC8 /* DI */,
				5272FFB026DCD11500C24CC8 /* SignInViewController.swift */,
				5272FFB226DCD18A00C24CC8 /* SignInPresenter.swift */,
				5272FFB426DCD19B00C24CC8 /* SignInRouter.swift */,
				5272FFB626DCD1A600C24CC8 /* SignInAssembly.swift */,
			);
			path = "Sign In";
			sourceTree = "<group>";
		};
		5272FFB826DCD1AB00C24CC8 /* DI */ = {
			isa = PBXGroup;
			children = (
				5272FFB926DCD1C700C24CC8 /* DIManager.swift */,
			);
			path = DI;
			sourceTree = "<group>";
		};
		5272FFC626DD26B600C24CC8 /* Helpers */ = {
			isa = PBXGroup;
			children = (
				5272FFC726DD26C600C24CC8 /* SignInModelConfigurator.swift */,
			);
			path = Helpers;
			sourceTree = "<group>";
		};
		527342D4272AD83600CA4206 /* Products */ = {
			isa = PBXGroup;
			children = (
				527342D8272AD83600CA4206 /* Core.framework */,
			);
			name = Products;
			sourceTree = "<group>";
		};
		52734322272BE27200CA4206 /* Products */ = {
			isa = PBXGroup;
			children = (
				52734326272BE27200CA4206 /* Components.framework */,
			);
			name = Products;
			sourceTree = "<group>";
		};
		52734E08272C034000CA4206 /* ScrollableTabView */ = {
			isa = PBXGroup;
			children = (
				52734E09272C034000CA4206 /* ScrollableTabView.xib */,
				52734E0A272C034000CA4206 /* Datasource */,
				52734E0D272C034000CA4206 /* Cells */,
				52734E10272C034000CA4206 /* ScrollableTabView.swift */,
				52734E11272C034000CA4206 /* Models */,
			);
			path = ScrollableTabView;
			sourceTree = "<group>";
		};
		52734E0A272C034000CA4206 /* Datasource */ = {
			isa = PBXGroup;
			children = (
				52734E0B272C034000CA4206 /* ScrollableTabsConstants.swift */,
				52734E0C272C034000CA4206 /* ProductsTabDataSourceModel.swift */,
			);
			path = Datasource;
			sourceTree = "<group>";
		};
		52734E0D272C034000CA4206 /* Cells */ = {
			isa = PBXGroup;
			children = (
				52734E0E272C034000CA4206 /* ProductTabCell.xib */,
				52734E0F272C034000CA4206 /* ProductTabCell.swift */,
			);
			path = Cells;
			sourceTree = "<group>";
		};
		52734E11272C034000CA4206 /* Models */ = {
			isa = PBXGroup;
			children = (
				52734E12272C034000CA4206 /* ScrollableCellModel.swift */,
			);
			path = Models;
			sourceTree = "<group>";
		};
		52734E33272C04FB00CA4206 /* Page Tab Strip */ = {
			isa = PBXGroup;
			children = (
				52734E34272C04FB00CA4206 /* SwipeDirection.swift */,
				52734E35272C04FB00CA4206 /* PagerTabStripBehaviour.swift */,
				52734E36272C04FB00CA4206 /* PagerTabStripError.swift */,
				52734E37272C04FB00CA4206 /* PagerTabStripViewController.swift */,
			);
			path = "Page Tab Strip";
			sourceTree = "<group>";
		};
		52734E3C272C056100CA4206 /* AppDelegates + StoryBoard */ = {
			isa = PBXGroup;
			children = (
				52D80C5C264EF64200ACBC16 /* AppDelegate.swift */,
				52D80C5E264EF64200ACBC16 /* SceneDelegate.swift */,
				52D80C60264EF64200ACBC16 /* ViewController.swift */,
				52D80C62264EF64200ACBC16 /* Main.storyboard */,
				52D80C67264EF64500ACBC16 /* LaunchScreen.storyboard */,
				52734E43272C115200CA4206 /* MyLostNavigationController.swift */,
			);
			path = "AppDelegates + StoryBoard";
			sourceTree = "<group>";
		};
		52734E3D272C09D700CA4206 /* Assets */ = {
			isa = PBXGroup;
			children = (
				52734E3E272C09D700CA4206 /* assets.xcassets */,
			);
			path = Assets;
			sourceTree = "<group>";
		};
		52734E3F272C09DB00CA4206 /* Colors */ = {
			isa = PBXGroup;
			children = (
				52734E40272C09DB00CA4206 /* Colors.xcassets */,
			);
			path = Colors;
			sourceTree = "<group>";
		};
		52734E58272FFB1D00CA4206 /* Adapter */ = {
			isa = PBXGroup;
			children = (
				52734E59272FFB5800CA4206 /* StatementsAndBlogsAdapter.swift */,
			);
			path = Adapter;
			sourceTree = "<group>";
		};
		52734E5B27301FE400CA4206 /* Models */ = {
			isa = PBXGroup;
			children = (
				52734E5C27301FF700CA4206 /* MyProfileMenuModels.swift */,
			);
			path = Models;
			sourceTree = "<group>";
		};
		527888CE26E526BE00324041 /* PostCreate */ = {
			isa = PBXGroup;
			children = (
				527888E226E5440900324041 /* helper */,
				527888CF26E526ED00324041 /* PostCreateRouter.swift */,
				527888D026E526ED00324041 /* PostCreateController.swift */,
				527888D126E526ED00324041 /* PostCreateAssembly.swift */,
				527888D526E5273A00324041 /* PostCreatePresenter.swift */,
			);
			path = PostCreate;
			sourceTree = "<group>";
		};
		527888E226E5440900324041 /* helper */ = {
			isa = PBXGroup;
			children = (
				527888E326E5441900324041 /* PickerData.swift */,
			);
			path = helper;
			sourceTree = "<group>";
		};
		527888E926E59A4E00324041 /* ContactDetails */ = {
			isa = PBXGroup;
			children = (
				527888EA26E59A6100324041 /* Core */,
			);
			path = ContactDetails;
			sourceTree = "<group>";
		};
		527888EA26E59A6100324041 /* Core */ = {
			isa = PBXGroup;
			children = (
				527888EB26E59A7F00324041 /* ContactDetailsPresenter.swift */,
				527888EC26E59A7F00324041 /* ContactDetailsRouter.swift */,
				527888ED26E59A7F00324041 /* ContactDetailsController.swift */,
				527888EE26E59A7F00324041 /* ContactDetailsAssembly.swift */,
			);
			path = Core;
			sourceTree = "<group>";
		};
		527888F526E5ED6F00324041 /* FilterDetails */ = {
			isa = PBXGroup;
			children = (
				527888F626E5ED7900324041 /* Core */,
			);
			path = FilterDetails;
			sourceTree = "<group>";
		};
		527888F626E5ED7900324041 /* Core */ = {
			isa = PBXGroup;
			children = (
				527888F726E5ED8D00324041 /* FilterDetailsPresenter.swift */,
				527888F826E5ED8D00324041 /* FilterDetailsRouter.swift */,
				527888F926E5ED8D00324041 /* FilterDetailsController.swift */,
				527888FA26E5ED8D00324041 /* FilterDetailsConfigurator.swift */,
			);
			path = Core;
			sourceTree = "<group>";
		};
		528FC85B2701BD1A00ABAAF0 /* FavouriteStatements */ = {
			isa = PBXGroup;
			children = (
				528FC8672701C30D00ABAAF0 /* Models */,
				528FC85C2701BD5100ABAAF0 /* FavouriteStatementsPresenter.swift */,
				528FC85D2701BD5100ABAAF0 /* FavouriteStatementsRouter.swift */,
				528FC85E2701BD5100ABAAF0 /* FavouriteStatementsController.swift */,
				528FC85F2701BD5100ABAAF0 /* FavouriteStatementsAssembly.swift */,
			);
			path = FavouriteStatements;
			sourceTree = "<group>";
		};
		528FC8672701C30D00ABAAF0 /* Models */ = {
			isa = PBXGroup;
			children = (
				528FC8682701C32300ABAAF0 /* FavouriteStatementModel.swift */,
			);
			path = Models;
			sourceTree = "<group>";
		};
		5297D97E26E382EF0014F2FF /* DetailsAndLogout */ = {
			isa = PBXGroup;
			children = (
				5297D97F26E383320014F2FF /* Core */,
			);
			path = DetailsAndLogout;
			sourceTree = "<group>";
		};
		5297D97F26E383320014F2FF /* Core */ = {
			isa = PBXGroup;
			children = (
				5297D98026E383500014F2FF /* DetailsAndLogOutPresenter.swift */,
				5297D98126E383500014F2FF /* DetailsAndLogOutRouter.swift */,
				5297D98226E383500014F2FF /* DetailsAndLogOutController.swift */,
				5297D98326E383500014F2FF /* DetailsAndLogOutConfigurator.swift */,
			);
			path = Core;
			sourceTree = "<group>";
		};
		5297D98D26E3D6760014F2FF /* mylostTests */ = {
			isa = PBXGroup;
			children = (
				5219517C2722BEA200295424 /* LeakTests */,
				5297D9B526E4C6420014F2FF /* NetworkTests */,
				5297D9AB26E4C2330014F2FF /* SignInTests */,
				5297D99626E3D8180014F2FF /* HomeTests */,
				5297D98E26E3D6760014F2FF /* mylostTests.swift */,
				5297D99026E3D6760014F2FF /* Info.plist */,
			);
			path = mylostTests;
			sourceTree = "<group>";
		};
		5297D99626E3D8180014F2FF /* HomeTests */ = {
			isa = PBXGroup;
			children = (
				5297D99926E3D8B90014F2FF /* mocks */,
				5297D99726E3D8380014F2FF /* MyLostHomeViewControllerTests.swift */,
				5297D99C26E3DDCB0014F2FF /* MyLostHomePresenterTest.swift */,
			);
			path = HomeTests;
			sourceTree = "<group>";
		};
		5297D99926E3D8B90014F2FF /* mocks */ = {
			isa = PBXGroup;
			children = (
				5297D99A26E3D8CA0014F2FF /* MyLostHomePresenterMock.swift */,
				5297D99E26E3F53E0014F2FF /* MyLostHomeRouterMock.swift */,
			);
			path = mocks;
			sourceTree = "<group>";
		};
		5297D9AB26E4C2330014F2FF /* SignInTests */ = {
			isa = PBXGroup;
			children = (
				5297D9AC26E4C2410014F2FF /* mocks */,
				5297D9AD26E4C2520014F2FF /* SignInViewControllerTests.swift */,
				5297D9AF26E4C2600014F2FF /* SignInPresenterTests.swift */,
			);
			path = SignInTests;
			sourceTree = "<group>";
		};
		5297D9AC26E4C2410014F2FF /* mocks */ = {
			isa = PBXGroup;
			children = (
				5297D9B126E4C26D0014F2FF /* SignInPresenterMock.swift */,
				5297D9B326E4C27A0014F2FF /* SignInRouterMock.swift */,
			);
			path = mocks;
			sourceTree = "<group>";
		};
		5297D9B526E4C6420014F2FF /* NetworkTests */ = {
			isa = PBXGroup;
			children = (
				5297D9B626E4C6A10014F2FF /* NetworkTests.swift */,
			);
			path = NetworkTests;
			sourceTree = "<group>";
		};
		5297D9B826E4DCF90014F2FF /* BlogDetailsController */ = {
			isa = PBXGroup;
			children = (
				5297D9B926E4DD060014F2FF /* Core */,
			);
			path = BlogDetailsController;
			sourceTree = "<group>";
		};
		5297D9B926E4DD060014F2FF /* Core */ = {
			isa = PBXGroup;
			children = (
				5297D9BA26E4DD210014F2FF /* BlogDetailsViewController.swift */,
				5297D9BD26E4DD320014F2FF /* BlogDetailsPresenter.swift */,
				5297D9BF26E4DD3C0014F2FF /* BlogDetailsRouter.swift */,
				5297D9C226E4DD520014F2FF /* BlogDetailsAssembly.swift */,
			);
			path = Core;
			sourceTree = "<group>";
		};
		52D80C50264EF64200ACBC16 = {
			isa = PBXGroup;
			children = (
				5219525B272A9E7A00295424 /* Dependencies */,
				52D80C5B264EF64200ACBC16 /* mylost */,
				5297D98D26E3D6760014F2FF /* mylostTests */,
				52D80C5A264EF64200ACBC16 /* Products */,
				CF888E31CCAF20F17398E776 /* Pods */,
				DFD21208F3FB5ABE078873F4 /* Frameworks */,
			);
			sourceTree = "<group>";
		};
		52D80C5A264EF64200ACBC16 /* Products */ = {
			isa = PBXGroup;
			children = (
				52D80C59264EF64200ACBC16 /* mylost.app */,
				5297D98C26E3D6760014F2FF /* mylostTests.xctest */,
			);
			name = Products;
			sourceTree = "<group>";
		};
		52D80C5B264EF64200ACBC16 /* mylost */ = {
			isa = PBXGroup;
			children = (
				52734E3D272C09D700CA4206 /* Assets */,
				52734E3F272C09DB00CA4206 /* Colors */,
				52734E3C272C056100CA4206 /* AppDelegates + StoryBoard */,
				52DC59CE2680D7EF00B35E35 /* Scenes */,
				52DC5959267E2DD400B35E35 /* Tab Container */,
				52D80C65264EF64500ACBC16 /* Assets.xcassets */,
				52D80C6A264EF64500ACBC16 /* Info.plist */,
			);
			path = mylost;
			sourceTree = "<group>";
		};
		52DC5959267E2DD400B35E35 /* Tab Container */ = {
			isa = PBXGroup;
			children = (
				52734E33272C04FB00CA4206 /* Page Tab Strip */,
				52734E08272C034000CA4206 /* ScrollableTabView */,
				52DC595A267E2DE800B35E35 /* TabContainer.swift */,
			);
			path = "Tab Container";
			sourceTree = "<group>";
		};
		52DC59CE2680D7EF00B35E35 /* Scenes */ = {
			isa = PBXGroup;
			children = (
				521951A12727EF3800295424 /* ReadedBlogWithReactive */,
				528FC85B2701BD1A00ABAAF0 /* FavouriteStatements */,
				527888F526E5ED6F00324041 /* FilterDetails */,
				527888E926E59A4E00324041 /* ContactDetails */,
				527888CE26E526BE00324041 /* PostCreate */,
				5297D9B826E4DCF90014F2FF /* BlogDetailsController */,
				5297D97E26E382EF0014F2FF /* DetailsAndLogout */,
				520E21B126E005A700A5EF70 /* MyProfile */,
				5219518E2722DC8800295424 /* Registration */,
				5272FFAF26DCD0E800C24CC8 /* Sign In */,
				52DC59DA2680DDA900B35E35 /* Statements */,
				52DC59CF2680D7F500B35E35 /* Home */,
			);
			path = Scenes;
			sourceTree = "<group>";
		};
		52DC59CF2680D7F500B35E35 /* Home */ = {
			isa = PBXGroup;
			children = (
				52F248AC2688910600A6CC6D /* Helpers */,
				52DC59D02680D7FF00B35E35 /* Core */,
			);
			path = Home;
			sourceTree = "<group>";
		};
		52DC59D02680D7FF00B35E35 /* Core */ = {
			isa = PBXGroup;
			children = (
				52DC59D12680D82A00B35E35 /* MyLostHomePresenter.swift */,
				52DC59D22680D82A00B35E35 /* MyLostHomeRouter.swift */,
				52DC59D32680D82A00B35E35 /* MyLostHomeController.swift */,
				52DC59D42680D82A00B35E35 /* MyLostHomeAssembly.swift */,
			);
			path = Core;
			sourceTree = "<group>";
		};
		52DC59DA2680DDA900B35E35 /* Statements */ = {
			isa = PBXGroup;
			children = (
				520E21AE26E001FE00A5EF70 /* Helpers */,
				52DC59DB2680DDB000B35E35 /* Core */,
			);
			path = Statements;
			sourceTree = "<group>";
		};
		52DC59DB2680DDB000B35E35 /* Core */ = {
			isa = PBXGroup;
			children = (
				52DC59DC2680DDC800B35E35 /* StatementsPresenter.swift */,
				52DC59DD2680DDC800B35E35 /* StatementsRouter.swift */,
				52DC59DE2680DDC800B35E35 /* StatementsController.swift */,
				52DC59DF2680DDC800B35E35 /* StatementsConfigurator.swift */,
			);
			path = Core;
			sourceTree = "<group>";
		};
		52F248AC2688910600A6CC6D /* Helpers */ = {
			isa = PBXGroup;
			children = (
				52F248AD2688911D00A6CC6D /* MyLostHomePage + ModelBuilder.swift */,
				52D437F026ED2CB90067BC98 /* TransitionManager.swift */,
			);
			path = Helpers;
			sourceTree = "<group>";
		};
		CF888E31CCAF20F17398E776 /* Pods */ = {
			isa = PBXGroup;
			children = (
				4507154F817557A5820E2484 /* Pods-mylost.debug.xcconfig */,
				BE9F521A104C1B6D2B5106FB /* Pods-mylost.release.xcconfig */,
			);
			path = Pods;
			sourceTree = "<group>";
		};
		DFD21208F3FB5ABE078873F4 /* Frameworks */ = {
			isa = PBXGroup;
			children = (
				D349D1DBF7F13EF663F20BC1 /* Pods_mylost.framework */,
			);
			name = Frameworks;
			sourceTree = "<group>";
		};
/* End PBXGroup section */

/* Begin PBXNativeTarget section */
		5297D98B26E3D6760014F2FF /* mylostTests */ = {
			isa = PBXNativeTarget;
			buildConfigurationList = 5297D99326E3D6760014F2FF /* Build configuration list for PBXNativeTarget "mylostTests" */;
			buildPhases = (
				5297D98826E3D6760014F2FF /* Sources */,
				5297D98926E3D6760014F2FF /* Frameworks */,
				5297D98A26E3D6760014F2FF /* Resources */,
			);
			buildRules = (
			);
			dependencies = (
				5297D99226E3D6760014F2FF /* PBXTargetDependency */,
			);
			name = mylostTests;
			productName = mylostTests;
			productReference = 5297D98C26E3D6760014F2FF /* mylostTests.xctest */;
			productType = "com.apple.product-type.bundle.unit-test";
		};
		52D80C58264EF64200ACBC16 /* mylost */ = {
			isa = PBXNativeTarget;
			buildConfigurationList = 52D80C6D264EF64500ACBC16 /* Build configuration list for PBXNativeTarget "mylost" */;
			buildPhases = (
				2494D7C614D96FC89824CBB4 /* [CP] Check Pods Manifest.lock */,
				52D80C55264EF64200ACBC16 /* Sources */,
				52D80C56264EF64200ACBC16 /* Frameworks */,
				52D80C57264EF64200ACBC16 /* Resources */,
				5219517B2721919100295424 /* ShellScript */,
				52195265272A9E8F00295424 /* Copy Dependencies */,
				DD05C2AC06B82AC974DFD59F /* [CP] Embed Pods Frameworks */,
			);
			buildRules = (
			);
			dependencies = (
			);
			name = mylost;
			productName = mylost;
			productReference = 52D80C59264EF64200ACBC16 /* mylost.app */;
			productType = "com.apple.product-type.application";
		};
/* End PBXNativeTarget section */

/* Begin PBXProject section */
		52D80C51264EF64200ACBC16 /* Project object */ = {
			isa = PBXProject;
			attributes = {
				LastSwiftUpdateCheck = 1250;
				LastUpgradeCheck = 1240;
				TargetAttributes = {
					5297D98B26E3D6760014F2FF = {
						CreatedOnToolsVersion = 12.5.1;
						LastSwiftMigration = 1300;
						TestTargetID = 52D80C58264EF64200ACBC16;
					};
					52D80C58264EF64200ACBC16 = {
						CreatedOnToolsVersion = 12.4;
					};
				};
			};
			buildConfigurationList = 52D80C54264EF64200ACBC16 /* Build configuration list for PBXProject "mylost" */;
			compatibilityVersion = "Xcode 9.3";
			developmentRegion = en;
			hasScannedForEncodings = 0;
			knownRegions = (
				en,
				Base,
			);
			mainGroup = 52D80C50264EF64200ACBC16;
			productRefGroup = 52D80C5A264EF64200ACBC16 /* Products */;
			projectDirPath = "";
			projectReferences = (
				{
					ProductGroup = 52734322272BE27200CA4206 /* Products */;
					ProjectRef = 52734321272BE27200CA4206 /* Components.xcodeproj */;
				},
				{
					ProductGroup = 527342D4272AD83600CA4206 /* Products */;
					ProjectRef = 527342D3272AD83600CA4206 /* Core.xcodeproj */;
				},
			);
			projectRoot = "";
			targets = (
				52D80C58264EF64200ACBC16 /* mylost */,
				5297D98B26E3D6760014F2FF /* mylostTests */,
			);
		};
/* End PBXProject section */

/* Begin PBXReferenceProxy section */
		527342D8272AD83600CA4206 /* Core.framework */ = {
			isa = PBXReferenceProxy;
			fileType = wrapper.framework;
			path = Core.framework;
			remoteRef = 527342D7272AD83600CA4206 /* PBXContainerItemProxy */;
			sourceTree = BUILT_PRODUCTS_DIR;
		};
		52734326272BE27200CA4206 /* Components.framework */ = {
			isa = PBXReferenceProxy;
			fileType = wrapper.framework;
			path = Components.framework;
			remoteRef = 52734325272BE27200CA4206 /* PBXContainerItemProxy */;
			sourceTree = BUILT_PRODUCTS_DIR;
		};
/* End PBXReferenceProxy section */

/* Begin PBXResourcesBuildPhase section */
		5297D98A26E3D6760014F2FF /* Resources */ = {
			isa = PBXResourcesBuildPhase;
			buildActionMask = 2147483647;
			files = (
			);
			runOnlyForDeploymentPostprocessing = 0;
		};
		52D80C57264EF64200ACBC16 /* Resources */ = {
			isa = PBXResourcesBuildPhase;
			buildActionMask = 2147483647;
			files = (
				52D80C69264EF64500ACBC16 /* LaunchScreen.storyboard in Resources */,
				52D80C66264EF64500ACBC16 /* Assets.xcassets in Resources */,
				52734E41272C09DB00CA4206 /* assets.xcassets in Resources */,
				52734E16272C034000CA4206 /* ProductTabCell.xib in Resources */,
				52D80C64264EF64200ACBC16 /* Main.storyboard in Resources */,
				52734E13272C034000CA4206 /* ScrollableTabView.xib in Resources */,
				52734E42272C09DB00CA4206 /* Colors.xcassets in Resources */,
			);
			runOnlyForDeploymentPostprocessing = 0;
		};
/* End PBXResourcesBuildPhase section */

/* Begin PBXShellScriptBuildPhase section */
		2494D7C614D96FC89824CBB4 /* [CP] Check Pods Manifest.lock */ = {
			isa = PBXShellScriptBuildPhase;
			buildActionMask = 2147483647;
			files = (
			);
			inputFileListPaths = (
			);
			inputPaths = (
				"${PODS_PODFILE_DIR_PATH}/Podfile.lock",
				"${PODS_ROOT}/Manifest.lock",
			);
			name = "[CP] Check Pods Manifest.lock";
			outputFileListPaths = (
			);
			outputPaths = (
				"$(DERIVED_FILE_DIR)/Pods-mylost-checkManifestLockResult.txt",
			);
			runOnlyForDeploymentPostprocessing = 0;
			shellPath = /bin/sh;
			shellScript = "diff \"${PODS_PODFILE_DIR_PATH}/Podfile.lock\" \"${PODS_ROOT}/Manifest.lock\" > /dev/null\nif [ $? != 0 ] ; then\n    # print error to STDERR\n    echo \"error: The sandbox is not in sync with the Podfile.lock. Run 'pod install' or update your CocoaPods installation.\" >&2\n    exit 1\nfi\n# This output is used by Xcode 'outputs' to avoid re-running this script phase.\necho \"SUCCESS\" > \"${SCRIPT_OUTPUT_FILE_0}\"\n";
			showEnvVarsInLog = 0;
		};
		5219517B2721919100295424 /* ShellScript */ = {
			isa = PBXShellScriptBuildPhase;
			buildActionMask = 12;
			files = (
			);
			inputFileListPaths = (
			);
			inputPaths = (
			);
			outputFileListPaths = (
			);
			outputPaths = (
			);
			runOnlyForDeploymentPostprocessing = 0;
			shellPath = /bin/sh;
			shellScript = "\"${PODS_ROOT}/SwiftLint/swiftlint\"\n\n";
		};
		DD05C2AC06B82AC974DFD59F /* [CP] Embed Pods Frameworks */ = {
			isa = PBXShellScriptBuildPhase;
			buildActionMask = 2147483647;
			files = (
			);
			inputFileListPaths = (
				"${PODS_ROOT}/Target Support Files/Pods-mylost/Pods-mylost-frameworks-${CONFIGURATION}-input-files.xcfilelist",
			);
			name = "[CP] Embed Pods Frameworks";
			outputFileListPaths = (
				"${PODS_ROOT}/Target Support Files/Pods-mylost/Pods-mylost-frameworks-${CONFIGURATION}-output-files.xcfilelist",
			);
			runOnlyForDeploymentPostprocessing = 0;
			shellPath = /bin/sh;
			shellScript = "\"${PODS_ROOT}/Target Support Files/Pods-mylost/Pods-mylost-frameworks.sh\"\n";
			showEnvVarsInLog = 0;
		};
/* End PBXShellScriptBuildPhase section */

/* Begin PBXSourcesBuildPhase section */
		5297D98826E3D6760014F2FF /* Sources */ = {
			isa = PBXSourcesBuildPhase;
			buildActionMask = 2147483647;
			files = (
				5297D98F26E3D6760014F2FF /* mylostTests.swift in Sources */,
				5297D99D26E3DDCB0014F2FF /* MyLostHomePresenterTest.swift in Sources */,
				5297D9B726E4C6A10014F2FF /* NetworkTests.swift in Sources */,
				5297D9B426E4C27A0014F2FF /* SignInRouterMock.swift in Sources */,
				5297D99F26E3F53E0014F2FF /* MyLostHomeRouterMock.swift in Sources */,
				5219517E2722BEB000295424 /* LeakTest.swift in Sources */,
				5297D99B26E3D8CA0014F2FF /* MyLostHomePresenterMock.swift in Sources */,
				5297D9AE26E4C2520014F2FF /* SignInViewControllerTests.swift in Sources */,
				5297D9B026E4C2600014F2FF /* SignInPresenterTests.swift in Sources */,
				5297D9B226E4C26D0014F2FF /* SignInPresenterMock.swift in Sources */,
				5297D99826E3D8380014F2FF /* MyLostHomeViewControllerTests.swift in Sources */,
			);
			runOnlyForDeploymentPostprocessing = 0;
		};
		52D80C55264EF64200ACBC16 /* Sources */ = {
			isa = PBXSourcesBuildPhase;
			buildActionMask = 2147483647;
			files = (
				5272FFB126DCD11500C24CC8 /* SignInViewController.swift in Sources */,
				5297D98626E383500014F2FF /* DetailsAndLogOutController.swift in Sources */,
				52734E55272FED6000CA4206 /* MyProfileSliderActionSheetFactory.swift in Sources */,
				527888D326E526ED00324041 /* PostCreateController.swift in Sources */,
				520E21B626E005D900A5EF70 /* MyProfilePresenter.swift in Sources */,
				52734E3B272C04FB00CA4206 /* PagerTabStripViewController.swift in Sources */,
				52734E38272C04FB00CA4206 /* SwipeDirection.swift in Sources */,
				52734E44272C115200CA4206 /* MyLostNavigationController.swift in Sources */,
				52734E3A272C04FB00CA4206 /* PagerTabStripError.swift in Sources */,
				52734E15272C034000CA4206 /* ProductsTabDataSourceModel.swift in Sources */,
				52DC59D82680D82A00B35E35 /* MyLostHomeAssembly.swift in Sources */,
				52734E5D27301FF700CA4206 /* MyProfileMenuModels.swift in Sources */,
				527888E426E5441900324041 /* PickerData.swift in Sources */,
				528FC8612701BD5100ABAAF0 /* FavouriteStatementsRouter.swift in Sources */,
				52DC59E02680DDC800B35E35 /* StatementsPresenter.swift in Sources */,
				52734E14272C034000CA4206 /* ScrollableTabsConstants.swift in Sources */,
				52D80C61264EF64200ACBC16 /* ViewController.swift in Sources */,
				527888D426E526ED00324041 /* PostCreateAssembly.swift in Sources */,
				527888F226E59A7F00324041 /* ContactDetailsAssembly.swift in Sources */,
				527888F126E59A7F00324041 /* ContactDetailsController.swift in Sources */,
				520E21B426E005CE00A5EF70 /* MyProfileViewController.swift in Sources */,
				52734E18272C034000CA4206 /* ScrollableTabView.swift in Sources */,
				521951AB27293A5200295424 /* ReadedBlogsFactory.swift in Sources */,
				52734E19272C034000CA4206 /* ScrollableCellModel.swift in Sources */,
				5272FFB326DCD18A00C24CC8 /* SignInPresenter.swift in Sources */,
				52DC59E12680DDC800B35E35 /* StatementsRouter.swift in Sources */,
				5219519B2722E48500295424 /* RegistrationModelsFactory.swift in Sources */,
				521951992722E20A00295424 /* RegistrationAssembly.swift in Sources */,
				527888D226E526ED00324041 /* PostCreateRouter.swift in Sources */,
				5272FFB726DCD1A600C24CC8 /* SignInAssembly.swift in Sources */,
				528FC8632701BD5100ABAAF0 /* FavouriteStatementsAssembly.swift in Sources */,
				5297D98526E383500014F2FF /* DetailsAndLogOutRouter.swift in Sources */,
				5297D9BE26E4DD320014F2FF /* BlogDetailsPresenter.swift in Sources */,
				528FC8692701C32300ABAAF0 /* FavouriteStatementModel.swift in Sources */,
				52D80C5D264EF64200ACBC16 /* AppDelegate.swift in Sources */,
				5272FFBA26DCD1C700C24CC8 /* DIManager.swift in Sources */,
				521951972722E20A00295424 /* RegistrationRouter.swift in Sources */,
				521951A62727EF5A00295424 /* ReadedBlogsPresenter.swift in Sources */,
				521951982722E20A00295424 /* RegistrationController.swift in Sources */,
				5272FFC826DD26C600C24CC8 /* SignInModelConfigurator.swift in Sources */,
				527888FE26E5ED8D00324041 /* FilterDetailsConfigurator.swift in Sources */,
				527888D626E5273A00324041 /* PostCreatePresenter.swift in Sources */,
				521951962722E20A00295424 /* RegistrationPresenter.swift in Sources */,
				5297D9C026E4DD3C0014F2FF /* BlogDetailsRouter.swift in Sources */,
				52734E5A272FFB5800CA4206 /* StatementsAndBlogsAdapter.swift in Sources */,
				5297D9C326E4DD520014F2FF /* BlogDetailsAssembly.swift in Sources */,
				528FC8622701BD5100ABAAF0 /* FavouriteStatementsController.swift in Sources */,
				52DC59E22680DDC800B35E35 /* StatementsController.swift in Sources */,
				520E21BA26E005EE00A5EF70 /* MyProfileAssembly.swift in Sources */,
				528FC8602701BD5100ABAAF0 /* FavouriteStatementsPresenter.swift in Sources */,
				521951A72727EF5A00295424 /* ReadedBlogsRouter.swift in Sources */,
				52DC595B267E2DE800B35E35 /* TabContainer.swift in Sources */,
				527888F026E59A7F00324041 /* ContactDetailsRouter.swift in Sources */,
				52734E39272C04FB00CA4206 /* PagerTabStripBehaviour.swift in Sources */,
				521951A92727EF5A00295424 /* ReadedBlogsAssembly.swift in Sources */,
				52D80C5F264EF64200ACBC16 /* SceneDelegate.swift in Sources */,
				527888FD26E5ED8D00324041 /* FilterDetailsController.swift in Sources */,
				5297D9BB26E4DD210014F2FF /* BlogDetailsViewController.swift in Sources */,
				5297D98426E383500014F2FF /* DetailsAndLogOutPresenter.swift in Sources */,
				527888FB26E5ED8D00324041 /* FilterDetailsPresenter.swift in Sources */,
				521951A82727EF5A00295424 /* ReadedBlogsController.swift in Sources */,
				520E21B026E0020A00A5EF70 /* ModelBuilder.swift in Sources */,
				52734E17272C034000CA4206 /* ProductTabCell.swift in Sources */,
				52DC59D52680D82A00B35E35 /* MyLostHomePresenter.swift in Sources */,
				5272FFB526DCD19B00C24CC8 /* SignInRouter.swift in Sources */,
				52F248AE2688911D00A6CC6D /* MyLostHomePage + ModelBuilder.swift in Sources */,
				52DC59D72680D82A00B35E35 /* MyLostHomeController.swift in Sources */,
				52D437F126ED2CB90067BC98 /* TransitionManager.swift in Sources */,
				52DC59E32680DDC800B35E35 /* StatementsConfigurator.swift in Sources */,
				52DC59D62680D82A00B35E35 /* MyLostHomeRouter.swift in Sources */,
				5297D98726E383500014F2FF /* DetailsAndLogOutConfigurator.swift in Sources */,
				520E21B826E005E300A5EF70 /* MyProfileRouter.swift in Sources */,
				527888FC26E5ED8D00324041 /* FilterDetailsRouter.swift in Sources */,
				527888EF26E59A7F00324041 /* ContactDetailsPresenter.swift in Sources */,
			);
			runOnlyForDeploymentPostprocessing = 0;
		};
/* End PBXSourcesBuildPhase section */

/* Begin PBXTargetDependency section */
		5297D99226E3D6760014F2FF /* PBXTargetDependency */ = {
			isa = PBXTargetDependency;
			target = 52D80C58264EF64200ACBC16 /* mylost */;
			targetProxy = 5297D99126E3D6760014F2FF /* PBXContainerItemProxy */;
		};
/* End PBXTargetDependency section */

/* Begin PBXVariantGroup section */
		52D80C62264EF64200ACBC16 /* Main.storyboard */ = {
			isa = PBXVariantGroup;
			children = (
				52D80C63264EF64200ACBC16 /* Base */,
			);
			name = Main.storyboard;
			sourceTree = "<group>";
		};
		52D80C67264EF64500ACBC16 /* LaunchScreen.storyboard */ = {
			isa = PBXVariantGroup;
			children = (
				52D80C68264EF64500ACBC16 /* Base */,
			);
			name = LaunchScreen.storyboard;
			sourceTree = "<group>";
		};
/* End PBXVariantGroup section */

/* Begin XCBuildConfiguration section */
		5297D99426E3D6760014F2FF /* Debug */ = {
			isa = XCBuildConfiguration;
			buildSettings = {
				BUNDLE_LOADER = "$(TEST_HOST)";
				CLANG_ENABLE_MODULES = YES;
				CODE_SIGN_STYLE = Automatic;
				INFOPLIST_FILE = mylostTests/Info.plist;
				IPHONEOS_DEPLOYMENT_TARGET = 14.4;
				LD_RUNPATH_SEARCH_PATHS = (
					"$(inherited)",
					"@executable_path/Frameworks",
					"@loader_path/Frameworks",
				);
				PRODUCT_BUNDLE_IDENTIFIER = SS.mylostTests;
				PRODUCT_NAME = "$(TARGET_NAME)";
				SWIFT_OPTIMIZATION_LEVEL = "-Onone";
				SWIFT_VERSION = 5.0;
				TARGETED_DEVICE_FAMILY = "1,2";
				TEST_HOST = "$(BUILT_PRODUCTS_DIR)/mylost.app/mylost";
			};
			name = Debug;
		};
		5297D99526E3D6760014F2FF /* Release */ = {
			isa = XCBuildConfiguration;
			buildSettings = {
				BUNDLE_LOADER = "$(TEST_HOST)";
				CLANG_ENABLE_MODULES = YES;
				CODE_SIGN_STYLE = Automatic;
				INFOPLIST_FILE = mylostTests/Info.plist;
				IPHONEOS_DEPLOYMENT_TARGET = 14.4;
				LD_RUNPATH_SEARCH_PATHS = (
					"$(inherited)",
					"@executable_path/Frameworks",
					"@loader_path/Frameworks",
				);
				PRODUCT_BUNDLE_IDENTIFIER = SS.mylostTests;
				PRODUCT_NAME = "$(TARGET_NAME)";
				SWIFT_VERSION = 5.0;
				TARGETED_DEVICE_FAMILY = "1,2";
				TEST_HOST = "$(BUILT_PRODUCTS_DIR)/mylost.app/mylost";
			};
			name = Release;
		};
		52D80C6B264EF64500ACBC16 /* Debug */ = {
			isa = XCBuildConfiguration;
			buildSettings = {
				ALWAYS_SEARCH_USER_PATHS = NO;
				CLANG_ANALYZER_NONNULL = YES;
				CLANG_ANALYZER_NUMBER_OBJECT_CONVERSION = YES_AGGRESSIVE;
				CLANG_CXX_LANGUAGE_STANDARD = "gnu++14";
				CLANG_CXX_LIBRARY = "libc++";
				CLANG_ENABLE_MODULES = YES;
				CLANG_ENABLE_OBJC_ARC = YES;
				CLANG_ENABLE_OBJC_WEAK = YES;
				CLANG_WARN_BLOCK_CAPTURE_AUTORELEASING = YES;
				CLANG_WARN_BOOL_CONVERSION = YES;
				CLANG_WARN_COMMA = YES;
				CLANG_WARN_CONSTANT_CONVERSION = YES;
				CLANG_WARN_DEPRECATED_OBJC_IMPLEMENTATIONS = YES;
				CLANG_WARN_DIRECT_OBJC_ISA_USAGE = YES_ERROR;
				CLANG_WARN_DOCUMENTATION_COMMENTS = YES;
				CLANG_WARN_EMPTY_BODY = YES;
				CLANG_WARN_ENUM_CONVERSION = YES;
				CLANG_WARN_INFINITE_RECURSION = YES;
				CLANG_WARN_INT_CONVERSION = YES;
				CLANG_WARN_NON_LITERAL_NULL_CONVERSION = YES;
				CLANG_WARN_OBJC_IMPLICIT_RETAIN_SELF = YES;
				CLANG_WARN_OBJC_LITERAL_CONVERSION = YES;
				CLANG_WARN_OBJC_ROOT_CLASS = YES_ERROR;
				CLANG_WARN_QUOTED_INCLUDE_IN_FRAMEWORK_HEADER = YES;
				CLANG_WARN_RANGE_LOOP_ANALYSIS = YES;
				CLANG_WARN_STRICT_PROTOTYPES = YES;
				CLANG_WARN_SUSPICIOUS_MOVE = YES;
				CLANG_WARN_UNGUARDED_AVAILABILITY = YES_AGGRESSIVE;
				CLANG_WARN_UNREACHABLE_CODE = YES;
				CLANG_WARN__DUPLICATE_METHOD_MATCH = YES;
				COPY_PHASE_STRIP = NO;
				DEBUG_INFORMATION_FORMAT = dwarf;
				ENABLE_STRICT_OBJC_MSGSEND = YES;
				ENABLE_TESTABILITY = YES;
				GCC_C_LANGUAGE_STANDARD = gnu11;
				GCC_DYNAMIC_NO_PIC = NO;
				GCC_NO_COMMON_BLOCKS = YES;
				GCC_OPTIMIZATION_LEVEL = 0;
				GCC_PREPROCESSOR_DEFINITIONS = (
					"DEBUG=1",
					"$(inherited)",
				);
				GCC_WARN_64_TO_32_BIT_CONVERSION = YES;
				GCC_WARN_ABOUT_RETURN_TYPE = YES_ERROR;
				GCC_WARN_UNDECLARED_SELECTOR = YES;
				GCC_WARN_UNINITIALIZED_AUTOS = YES_AGGRESSIVE;
				GCC_WARN_UNUSED_FUNCTION = YES;
				GCC_WARN_UNUSED_VARIABLE = YES;
				IPHONEOS_DEPLOYMENT_TARGET = 14.5;
				MTL_ENABLE_DEBUG_INFO = INCLUDE_SOURCE;
				MTL_FAST_MATH = YES;
				ONLY_ACTIVE_ARCH = YES;
				SDKROOT = iphoneos;
				SWIFT_ACTIVE_COMPILATION_CONDITIONS = DEBUG;
				SWIFT_OPTIMIZATION_LEVEL = "-Onone";
			};
			name = Debug;
		};
		52D80C6C264EF64500ACBC16 /* Release */ = {
			isa = XCBuildConfiguration;
			buildSettings = {
				ALWAYS_SEARCH_USER_PATHS = NO;
				CLANG_ANALYZER_NONNULL = YES;
				CLANG_ANALYZER_NUMBER_OBJECT_CONVERSION = YES_AGGRESSIVE;
				CLANG_CXX_LANGUAGE_STANDARD = "gnu++14";
				CLANG_CXX_LIBRARY = "libc++";
				CLANG_ENABLE_MODULES = YES;
				CLANG_ENABLE_OBJC_ARC = YES;
				CLANG_ENABLE_OBJC_WEAK = YES;
				CLANG_WARN_BLOCK_CAPTURE_AUTORELEASING = YES;
				CLANG_WARN_BOOL_CONVERSION = YES;
				CLANG_WARN_COMMA = YES;
				CLANG_WARN_CONSTANT_CONVERSION = YES;
				CLANG_WARN_DEPRECATED_OBJC_IMPLEMENTATIONS = YES;
				CLANG_WARN_DIRECT_OBJC_ISA_USAGE = YES_ERROR;
				CLANG_WARN_DOCUMENTATION_COMMENTS = YES;
				CLANG_WARN_EMPTY_BODY = YES;
				CLANG_WARN_ENUM_CONVERSION = YES;
				CLANG_WARN_INFINITE_RECURSION = YES;
				CLANG_WARN_INT_CONVERSION = YES;
				CLANG_WARN_NON_LITERAL_NULL_CONVERSION = YES;
				CLANG_WARN_OBJC_IMPLICIT_RETAIN_SELF = YES;
				CLANG_WARN_OBJC_LITERAL_CONVERSION = YES;
				CLANG_WARN_OBJC_ROOT_CLASS = YES_ERROR;
				CLANG_WARN_QUOTED_INCLUDE_IN_FRAMEWORK_HEADER = YES;
				CLANG_WARN_RANGE_LOOP_ANALYSIS = YES;
				CLANG_WARN_STRICT_PROTOTYPES = YES;
				CLANG_WARN_SUSPICIOUS_MOVE = YES;
				CLANG_WARN_UNGUARDED_AVAILABILITY = YES_AGGRESSIVE;
				CLANG_WARN_UNREACHABLE_CODE = YES;
				CLANG_WARN__DUPLICATE_METHOD_MATCH = YES;
				COPY_PHASE_STRIP = NO;
				DEBUG_INFORMATION_FORMAT = "dwarf-with-dsym";
				ENABLE_NS_ASSERTIONS = NO;
				ENABLE_STRICT_OBJC_MSGSEND = YES;
				GCC_C_LANGUAGE_STANDARD = gnu11;
				GCC_NO_COMMON_BLOCKS = YES;
				GCC_WARN_64_TO_32_BIT_CONVERSION = YES;
				GCC_WARN_ABOUT_RETURN_TYPE = YES_ERROR;
				GCC_WARN_UNDECLARED_SELECTOR = YES;
				GCC_WARN_UNINITIALIZED_AUTOS = YES_AGGRESSIVE;
				GCC_WARN_UNUSED_FUNCTION = YES;
				GCC_WARN_UNUSED_VARIABLE = YES;
				IPHONEOS_DEPLOYMENT_TARGET = 14.5;
				MTL_ENABLE_DEBUG_INFO = NO;
				MTL_FAST_MATH = YES;
				SDKROOT = iphoneos;
				SWIFT_COMPILATION_MODE = wholemodule;
				SWIFT_OPTIMIZATION_LEVEL = "-O";
				VALIDATE_PRODUCT = YES;
			};
			name = Release;
		};
		52D80C6E264EF64500ACBC16 /* Debug */ = {
			isa = XCBuildConfiguration;
			baseConfigurationReference = 4507154F817557A5820E2484 /* Pods-mylost.debug.xcconfig */;
			buildSettings = {
				ASSETCATALOG_COMPILER_APPICON_NAME = AppIcon;
				ASSETCATALOG_COMPILER_GLOBAL_ACCENT_COLOR_NAME = AccentColor;
				CODE_SIGN_STYLE = Automatic;
				INFOPLIST_FILE = mylost/Info.plist;
				IPHONEOS_DEPLOYMENT_TARGET = 15.0;
				LD_RUNPATH_SEARCH_PATHS = (
					"$(inherited)",
					"@executable_path/Frameworks",
				);
				PRODUCT_BUNDLE_IDENTIFIER = SS.mylost;
				PRODUCT_NAME = "$(TARGET_NAME)";
				SWIFT_VERSION = 5.0;
				TARGETED_DEVICE_FAMILY = "1,2";
			};
			name = Debug;
		};
		52D80C6F264EF64500ACBC16 /* Release */ = {
			isa = XCBuildConfiguration;
			baseConfigurationReference = BE9F521A104C1B6D2B5106FB /* Pods-mylost.release.xcconfig */;
			buildSettings = {
				ASSETCATALOG_COMPILER_APPICON_NAME = AppIcon;
				ASSETCATALOG_COMPILER_GLOBAL_ACCENT_COLOR_NAME = AccentColor;
				CODE_SIGN_STYLE = Automatic;
				INFOPLIST_FILE = mylost/Info.plist;
				IPHONEOS_DEPLOYMENT_TARGET = 15.0;
				LD_RUNPATH_SEARCH_PATHS = (
					"$(inherited)",
					"@executable_path/Frameworks",
				);
				PRODUCT_BUNDLE_IDENTIFIER = SS.mylost;
				PRODUCT_NAME = "$(TARGET_NAME)";
				SWIFT_VERSION = 5.0;
				TARGETED_DEVICE_FAMILY = "1,2";
			};
			name = Release;
		};
/* End XCBuildConfiguration section */

/* Begin XCConfigurationList section */
		5297D99326E3D6760014F2FF /* Build configuration list for PBXNativeTarget "mylostTests" */ = {
			isa = XCConfigurationList;
			buildConfigurations = (
				5297D99426E3D6760014F2FF /* Debug */,
				5297D99526E3D6760014F2FF /* Release */,
			);
			defaultConfigurationIsVisible = 0;
			defaultConfigurationName = Release;
		};
		52D80C54264EF64200ACBC16 /* Build configuration list for PBXProject "mylost" */ = {
			isa = XCConfigurationList;
			buildConfigurations = (
				52D80C6B264EF64500ACBC16 /* Debug */,
				52D80C6C264EF64500ACBC16 /* Release */,
			);
			defaultConfigurationIsVisible = 0;
			defaultConfigurationName = Release;
		};
		52D80C6D264EF64500ACBC16 /* Build configuration list for PBXNativeTarget "mylost" */ = {
			isa = XCConfigurationList;
			buildConfigurations = (
				52D80C6E264EF64500ACBC16 /* Debug */,
				52D80C6F264EF64500ACBC16 /* Release */,
			);
			defaultConfigurationIsVisible = 0;
			defaultConfigurationName = Release;
		};
/* End XCConfigurationList section */
	};
	rootObject = 52D80C51264EF64200ACBC16 /* Project object */;
}
